// !$*UTF8*$!
{
	archiveVersion = 1;
	classes = {
	};
	objectVersion = 46;
	objects = {

/* Begin PBXBuildFile section */
		3F3F887E1C039E5E006CA622 /* Settings.swift in Sources */ = {isa = PBXBuildFile; fileRef = 3F3F887D1C039E5E006CA622 /* Settings.swift */; };
		3F3F88801C03EB9D006CA622 /* SettingsViewController.swift in Sources */ = {isa = PBXBuildFile; fileRef = 3F3F887F1C03EB9D006CA622 /* SettingsViewController.swift */; };
		3F4D7BA71B9630A300CEEE75 /* AppDelegate.swift in Sources */ = {isa = PBXBuildFile; fileRef = 3F4D7BA61B9630A300CEEE75 /* AppDelegate.swift */; };
		3F4D7BA91B9630A300CEEE75 /* GameViewController.swift in Sources */ = {isa = PBXBuildFile; fileRef = 3F4D7BA81B9630A300CEEE75 /* GameViewController.swift */; };
		3F4D7BAC1B9630A300CEEE75 /* Main.storyboard in Resources */ = {isa = PBXBuildFile; fileRef = 3F4D7BAA1B9630A300CEEE75 /* Main.storyboard */; };
		3F4D7BAE1B9630A300CEEE75 /* Images.xcassets in Resources */ = {isa = PBXBuildFile; fileRef = 3F4D7BAD1B9630A300CEEE75 /* Images.xcassets */; };
		3F4D7BB11B9630A300CEEE75 /* LaunchScreen.xib in Resources */ = {isa = PBXBuildFile; fileRef = 3F4D7BAF1B9630A300CEEE75 /* LaunchScreen.xib */; };
		3F7623C71C20546F00C39D77 /* CustomSegue.swift in Sources */ = {isa = PBXBuildFile; fileRef = 3F7623C61C20546F00C39D77 /* CustomSegue.swift */; };
		3FEA68961C10BB330053C233 /* ButtonViewController.swift in Sources */ = {isa = PBXBuildFile; fileRef = 3FEA68951C10BB330053C233 /* ButtonViewController.swift */; };
		3FEA7C811C11272D005F2370 /* BSCell.swift in Sources */ = {isa = PBXBuildFile; fileRef = 3FEA7C801C11272D005F2370 /* BSCell.swift */; };
		3FEE40DC1C1E48C100777BB7 /* iAd.framework in Frameworks */ = {isa = PBXBuildFile; fileRef = 3FEE40DB1C1E48C100777BB7 /* iAd.framework */; };
/* End PBXBuildFile section */

/* Begin PBXFileReference section */
		3F3F887D1C039E5E006CA622 /* Settings.swift */ = {isa = PBXFileReference; fileEncoding = 4; lastKnownFileType = sourcecode.swift; path = Settings.swift; sourceTree = "<group>"; };
		3F3F887F1C03EB9D006CA622 /* SettingsViewController.swift */ = {isa = PBXFileReference; fileEncoding = 4; lastKnownFileType = sourcecode.swift; path = SettingsViewController.swift; sourceTree = "<group>"; };
		3F4D7BA11B9630A300CEEE75 /* Button Chaser.app */ = {isa = PBXFileReference; explicitFileType = wrapper.application; includeInIndex = 0; path = "Button Chaser.app"; sourceTree = BUILT_PRODUCTS_DIR; };
		3F4D7BA51B9630A300CEEE75 /* Info.plist */ = {isa = PBXFileReference; lastKnownFileType = text.plist.xml; path = Info.plist; sourceTree = "<group>"; };
		3F4D7BA61B9630A300CEEE75 /* AppDelegate.swift */ = {isa = PBXFileReference; lastKnownFileType = sourcecode.swift; path = AppDelegate.swift; sourceTree = "<group>"; };
		3F4D7BA81B9630A300CEEE75 /* GameViewController.swift */ = {isa = PBXFileReference; indentWidth = 4; lastKnownFileType = sourcecode.swift; lineEnding = 0; path = GameViewController.swift; sourceTree = "<group>"; tabWidth = 4; usesTabs = 0; wrapsLines = 1; };
		3F4D7BAB1B9630A300CEEE75 /* Base */ = {isa = PBXFileReference; lastKnownFileType = file.storyboard; name = Base; path = Base.lproj/Main.storyboard; sourceTree = "<group>"; };
		3F4D7BAD1B9630A300CEEE75 /* Images.xcassets */ = {isa = PBXFileReference; lastKnownFileType = folder.assetcatalog; path = Images.xcassets; sourceTree = "<group>"; };
		3F4D7BB01B9630A300CEEE75 /* Base */ = {isa = PBXFileReference; lastKnownFileType = file.xib; name = Base; path = Base.lproj/LaunchScreen.xib; sourceTree = "<group>"; };
		3F7623C61C20546F00C39D77 /* CustomSegue.swift */ = {isa = PBXFileReference; fileEncoding = 4; lastKnownFileType = sourcecode.swift; path = CustomSegue.swift; sourceTree = "<group>"; };
		3FEA68951C10BB330053C233 /* ButtonViewController.swift */ = {isa = PBXFileReference; fileEncoding = 4; lastKnownFileType = sourcecode.swift; path = ButtonViewController.swift; sourceTree = "<group>"; };
		3FEA7C801C11272D005F2370 /* BSCell.swift */ = {isa = PBXFileReference; fileEncoding = 4; lastKnownFileType = sourcecode.swift; path = BSCell.swift; sourceTree = "<group>"; };
		3FEE40DB1C1E48C100777BB7 /* iAd.framework */ = {isa = PBXFileReference; lastKnownFileType = wrapper.framework; name = iAd.framework; path = System/Library/Frameworks/iAd.framework; sourceTree = SDKROOT; };
/* End PBXFileReference section */

/* Begin PBXFrameworksBuildPhase section */
		3F4D7B9E1B9630A300CEEE75 /* Frameworks */ = {
			isa = PBXFrameworksBuildPhase;
			buildActionMask = 2147483647;
			files = (
				3FEE40DC1C1E48C100777BB7 /* iAd.framework in Frameworks */,
			);
			runOnlyForDeploymentPostprocessing = 0;
		};
/* End PBXFrameworksBuildPhase section */

/* Begin PBXGroup section */
		3F4D7B981B9630A300CEEE75 = {
			isa = PBXGroup;
			children = (
				3FEE40DB1C1E48C100777BB7 /* iAd.framework */,
				3F4D7BA31B9630A300CEEE75 /* Button Chaser */,
				3F4D7BA21B9630A300CEEE75 /* Products */,
			);
			sourceTree = "<group>";
		};
		3F4D7BA21B9630A300CEEE75 /* Products */ = {
			isa = PBXGroup;
			children = (
				3F4D7BA11B9630A300CEEE75 /* Button Chaser.app */,
			);
			name = Products;
			sourceTree = "<group>";
		};
		3F4D7BA31B9630A300CEEE75 /* Button Chaser */ = {
			isa = PBXGroup;
			children = (
				3F4D7BA61B9630A300CEEE75 /* AppDelegate.swift */,
				3F4D7BA81B9630A300CEEE75 /* GameViewController.swift */,
				3F3F887F1C03EB9D006CA622 /* SettingsViewController.swift */,
				3FEA68951C10BB330053C233 /* ButtonViewController.swift */,
				3FEA7C801C11272D005F2370 /* BSCell.swift */,
				3F3F887D1C039E5E006CA622 /* Settings.swift */,
				3F7623C61C20546F00C39D77 /* CustomSegue.swift */,
				3F4D7BAA1B9630A300CEEE75 /* Main.storyboard */,
				3F4D7BAD1B9630A300CEEE75 /* Images.xcassets */,
				3F4D7BAF1B9630A300CEEE75 /* LaunchScreen.xib */,
				3F4D7BA41B9630A300CEEE75 /* Supporting Files */,
			);
			path = "Button Chaser";
			sourceTree = "<group>";
		};
		3F4D7BA41B9630A300CEEE75 /* Supporting Files */ = {
			isa = PBXGroup;
			children = (
				3F4D7BA51B9630A300CEEE75 /* Info.plist */,
			);
			name = "Supporting Files";
			sourceTree = "<group>";
		};
/* End PBXGroup section */

/* Begin PBXNativeTarget section */
		3F4D7BA01B9630A300CEEE75 /* Button Chaser */ = {
			isa = PBXNativeTarget;
			buildConfigurationList = 3F4D7BC01B9630A300CEEE75 /* Build configuration list for PBXNativeTarget "Button Chaser" */;
			buildPhases = (
				3F4D7B9D1B9630A300CEEE75 /* Sources */,
				3F4D7B9E1B9630A300CEEE75 /* Frameworks */,
				3F4D7B9F1B9630A300CEEE75 /* Resources */,
			);
			buildRules = (
			);
			dependencies = (
			);
			name = "Button Chaser";
			productName = "Button Chaser";
			productReference = 3F4D7BA11B9630A300CEEE75 /* Button Chaser.app */;
			productType = "com.apple.product-type.application";
		};
/* End PBXNativeTarget section */

/* Begin PBXProject section */
		3F4D7B991B9630A300CEEE75 /* Project object */ = {
			isa = PBXProject;
			attributes = {
				LastSwiftMigration = 0700;
				LastSwiftUpdateCheck = 0700;
				LastUpgradeCheck = 0700;
				ORGANIZATIONNAME = "Swag Productions";
				TargetAttributes = {
					3F4D7BA01B9630A300CEEE75 = {
						CreatedOnToolsVersion = 6.4;
						DevelopmentTeam = V8W8TTGQYQ;
					};
				};
			};
			buildConfigurationList = 3F4D7B9C1B9630A300CEEE75 /* Build configuration list for PBXProject "Button Chaser" */;
			compatibilityVersion = "Xcode 3.2";
			developmentRegion = English;
			hasScannedForEncodings = 0;
			knownRegions = (
				en,
				Base,
			);
			mainGroup = 3F4D7B981B9630A300CEEE75;
			productRefGroup = 3F4D7BA21B9630A300CEEE75 /* Products */;
			projectDirPath = "";
			projectRoot = "";
			targets = (
				3F4D7BA01B9630A300CEEE75 /* Button Chaser */,
			);
		};
/* End PBXProject section */

/* Begin PBXResourcesBuildPhase section */
		3F4D7B9F1B9630A300CEEE75 /* Resources */ = {
			isa = PBXResourcesBuildPhase;
			buildActionMask = 2147483647;
			files = (
				3F4D7BAC1B9630A300CEEE75 /* Main.storyboard in Resources */,
				3F4D7BB11B9630A300CEEE75 /* LaunchScreen.xib in Resources */,
				3F4D7BAE1B9630A300CEEE75 /* Images.xcassets in Resources */,
			);
			runOnlyForDeploymentPostprocessing = 0;
		};
/* End PBXResourcesBuildPhase section */

/* Begin PBXSourcesBuildPhase section */
		3F4D7B9D1B9630A300CEEE75 /* Sources */ = {
			isa = PBXSourcesBuildPhase;
			buildActionMask = 2147483647;
			files = (
				3FEA68961C10BB330053C233 /* ButtonViewController.swift in Sources */,
				3F4D7BA91B9630A300CEEE75 /* GameViewController.swift in Sources */,
				3FEA7C811C11272D005F2370 /* BSCell.swift in Sources */,
				3F3F887E1C039E5E006CA622 /* Settings.swift in Sources */,
				3F7623C71C20546F00C39D77 /* CustomSegue.swift in Sources */,
				3F3F88801C03EB9D006CA622 /* SettingsViewController.swift in Sources */,
				3F4D7BA71B9630A300CEEE75 /* AppDelegate.swift in Sources */,
			);
			runOnlyForDeploymentPostprocessing = 0;
		};
/* End PBXSourcesBuildPhase section */

/* Begin PBXVariantGroup section */
		3F4D7BAA1B9630A300CEEE75 /* Main.storyboard */ = {
			isa = PBXVariantGroup;
			children = (
				3F4D7BAB1B9630A300CEEE75 /* Base */,
			);
			name = Main.storyboard;
			sourceTree = "<group>";
		};
		3F4D7BAF1B9630A300CEEE75 /* LaunchScreen.xib */ = {
			isa = PBXVariantGroup;
			children = (
				3F4D7BB01B9630A300CEEE75 /* Base */,
			);
			name = LaunchScreen.xib;
			sourceTree = "<group>";
		};
/* End PBXVariantGroup section */

/* Begin XCBuildConfiguration section */
		3F4D7BBE1B9630A300CEEE75 /* Debug */ = {
			isa = XCBuildConfiguration;
			buildSettings = {
				ALWAYS_SEARCH_USER_PATHS = NO;
				CLANG_CXX_LANGUAGE_STANDARD = "gnu++0x";
				CLANG_CXX_LIBRARY = "libc++";
				CLANG_ENABLE_MODULES = YES;
				CLANG_ENABLE_OBJC_ARC = YES;
				CLANG_WARN_BOOL_CONVERSION = YES;
				CLANG_WARN_CONSTANT_CONVERSION = YES;
				CLANG_WARN_DIRECT_OBJC_ISA_USAGE = YES_ERROR;
				CLANG_WARN_EMPTY_BODY = YES;
				CLANG_WARN_ENUM_CONVERSION = YES;
				CLANG_WARN_INT_CONVERSION = YES;
				CLANG_WARN_OBJC_ROOT_CLASS = YES_ERROR;
				CLANG_WARN_UNREACHABLE_CODE = YES;
				CLANG_WARN__DUPLICATE_METHOD_MATCH = YES;
				"CODE_SIGN_IDENTITY[sdk=iphoneos*]" = "iPhone Developer";
				COPY_PHASE_STRIP = NO;
				DEBUG_INFORMATION_FORMAT = "dwarf-with-dsym";
				ENABLE_STRICT_OBJC_MSGSEND = YES;
				ENABLE_TESTABILITY = YES;
				GCC_C_LANGUAGE_STANDARD = gnu99;
				GCC_DYNAMIC_NO_PIC = NO;
				GCC_NO_COMMON_BLOCKS = YES;
				GCC_OPTIMIZATION_LEVEL = 0;
				GCC_PREPROCESSOR_DEFINITIONS = (
					"DEBUG=1",
					"$(inherited)",
				);
				GCC_SYMBOLS_PRIVATE_EXTERN = NO;
				GCC_WARN_64_TO_32_BIT_CONVERSION = YES;
				GCC_WARN_ABOUT_RETURN_TYPE = YES_ERROR;
				GCC_WARN_UNDECLARED_SELECTOR = YES;
				GCC_WARN_UNINITIALIZED_AUTOS = YES_AGGRESSIVE;
				GCC_WARN_UNUSED_FUNCTION = YES;
				GCC_WARN_UNUSED_VARIABLE = YES;
				IPHONEOS_DEPLOYMENT_TARGET = 8.0;
				MTL_ENABLE_DEBUG_INFO = YES;
				ONLY_ACTIVE_ARCH = YES;
				SDKROOT = iphoneos;
				SWIFT_OPTIMIZATION_LEVEL = "-Onone";
				TARGETED_DEVICE_FAMILY = "1,2";
			};
			name = Debug;
		};
		3F4D7BBF1B9630A300CEEE75 /* Release */ = {
			isa = XCBuildConfiguration;
			buildSettings = {
				ALWAYS_SEARCH_USER_PATHS = NO;
				CLANG_CXX_LANGUAGE_STANDARD = "gnu++0x";
				CLANG_CXX_LIBRARY = "libc++";
				CLANG_ENABLE_MODULES = YES;
				CLANG_ENABLE_OBJC_ARC = YES;
				CLANG_WARN_BOOL_CONVERSION = YES;
				CLANG_WARN_CONSTANT_CONVERSION = YES;
				CLANG_WARN_DIRECT_OBJC_ISA_USAGE = YES_ERROR;
				CLANG_WARN_EMPTY_BODY = YES;
				CLANG_WARN_ENUM_CONVERSION = YES;
				CLANG_WARN_INT_CONVERSION = YES;
				CLANG_WARN_OBJC_ROOT_CLASS = YES_ERROR;
				CLANG_WARN_UNREACHABLE_CODE = YES;
				CLANG_WARN__DUPLICATE_METHOD_MATCH = YES;
				"CODE_SIGN_IDENTITY[sdk=iphoneos*]" = "iPhone Developer";
				COPY_PHASE_STRIP = NO;
				DEBUG_INFORMATION_FORMAT = "dwarf-with-dsym";
				ENABLE_NS_ASSERTIONS = NO;
				ENABLE_STRICT_OBJC_MSGSEND = YES;
				GCC_C_LANGUAGE_STANDARD = gnu99;
				GCC_DYNAMIC_NO_PIC = NO;
				GCC_NO_COMMON_BLOCKS = YES;
				GCC_WARN_64_TO_32_BIT_CONVERSION = YES;
				GCC_WARN_ABOUT_RETURN_TYPE = YES_ERROR;
				GCC_WARN_UNDECLARED_SELECTOR = YES;
				GCC_WARN_UNINITIALIZED_AUTOS = YES_AGGRESSIVE;
				GCC_WARN_UNUSED_FUNCTION = YES;
				GCC_WARN_UNUSED_VARIABLE = YES;
				IPHONEOS_DEPLOYMENT_TARGET = 8.0;
				MTL_ENABLE_DEBUG_INFO = NO;
				SDKROOT = iphoneos;
				TARGETED_DEVICE_FAMILY = "1,2";
				VALIDATE_PRODUCT = YES;
			};
			name = Release;
		};
		3F4D7BC11B9630A300CEEE75 /* Debug */ = {
			isa = XCBuildConfiguration;
			buildSettings = {
				ASSETCATALOG_COMPILER_APPICON_NAME = AppIcon;
				CODE_SIGN_IDENTITY = "iPhone Developer";
				"CODE_SIGN_IDENTITY[sdk=iphoneos*]" = "iPhone Developer";
				INFOPLIST_FILE = "Button Chaser/Info.plist";
				LD_RUNPATH_SEARCH_PATHS = "$(inherited) @executable_path/Frameworks";
				PRODUCT_BUNDLE_IDENTIFIER = "TESTERS.$(PRODUCT_NAME:rfc1034identifier)";
				PRODUCT_NAME = "$(TARGET_NAME)";
				PROVISIONING_PROFILE = "";
			};
			name = Debug;
		};
		3F4D7BC21B9630A300CEEE75 /* Release */ = {
			isa = XCBuildConfiguration;
			buildSettings = {
				ASSETCATALOG_COMPILER_APPICON_NAME = AppIcon;
				CODE_SIGN_IDENTITY = "iPhone Developer";
				"CODE_SIGN_IDENTITY[sdk=iphoneos*]" = "iPhone Developer";
				INFOPLIST_FILE = "Button Chaser/Info.plist";
				LD_RUNPATH_SEARCH_PATHS = "$(inherited) @executable_path/Frameworks";
				PRODUCT_BUNDLE_IDENTIFIER = "TESTERS.$(PRODUCT_NAME:rfc1034identifier)";
				PRODUCT_NAME = "$(TARGET_NAME)";
				PROVISIONING_PROFILE = "";
			};
			name = Release;
		};
/* End XCBuildConfiguration section */

/* Begin XCConfigurationList section */
		3F4D7B9C1B9630A300CEEE75 /* Build configuration list for PBXProject "Button Chaser" */ = {
			isa = XCConfigurationList;
			buildConfigurations = (
				3F4D7BBE1B9630A300CEEE75 /* Debug */,
				3F4D7BBF1B9630A300CEEE75 /* Release */,
			);
			defaultConfigurationIsVisible = 0;
			defaultConfigurationName = Release;
		};
		3F4D7BC01B9630A300CEEE75 /* Build configuration list for PBXNativeTarget "Button Chaser" */ = {
			isa = XCConfigurationList;
			buildConfigurations = (
				3F4D7BC11B9630A300CEEE75 /* Debug */,
				3F4D7BC21B9630A300CEEE75 /* Release */,
			);
			defaultConfigurationIsVisible = 0;
			defaultConfigurationName = Release;
		};
/* End XCConfigurationList section */
	};
	rootObject = 3F4D7B991B9630A300CEEE75 /* Project object */;
}
